PODS:
  - google-cast-sdk-no-bluetooth (4.4.6):
    - google-cast-sdk-no-bluetooth/Core (= 4.4.6)
    - Protobuf (~> 3.0)
  - google-cast-sdk-no-bluetooth/Core (4.4.6):
    - Protobuf (~> 3.0)
  - Protobuf (3.11.4)

DEPENDENCIES:
  - google-cast-sdk-no-bluetooth

SPEC REPOS:
  trunk:
    - google-cast-sdk-no-bluetooth
    - Protobuf

SPEC CHECKSUMS:
  google-cast-sdk-no-bluetooth: 0b2f106f07592fe08bb78851bfd20a89e1cb613b
  Protobuf: 176220c526ad8bd09ab1fb40a978eac3fef665f7

PODFILE CHECKSUM: 85733c04c0d4e15e390b5862933a23cc6c62d22e

COCOAPODS: 1.8.4
